<?xml version="1.0" encoding="utf-8"?>
<Project ToolsVersion="4.0" xmlns="http://schemas.microsoft.com/developer/msbuild/2003">
  <ItemGroup>
    <ClCompile Include="entry.cpp" />
    <ClCompile Include="core\utilities\utilities.cpp" />
    <ClCompile Include="core\utilities\kernel\kernel.cpp" />
    <ClCompile Include="dependencies\additional\crt\crt.cpp" />
    <ClCompile Include="core\requests\image-base\image-base.cpp" />
    <ClCompile Include="core\requests\directory-table-base\dtb.cpp" />
    <ClCompile Include="core\requests\read-write\physical\physical.cpp" />
    <ClCompile Include="core\requests\read-write\read-memory\read-memory.cpp" />
    <ClCompile Include="core\dispatch\dispatch.cpp" />
    <ClCompile Include="core\requests\virtual-memory\allocate\allocate.cpp" />
    <ClCompile Include="core\requests\virtual-memory\protect\protect.cpp" />
    <ClCompile Include="core\requests\read-write\write-memory\write-memory.cpp" />
    <ClCompile Include="core\requests\read-write\write-memory\virtual-memory\write-virtual-memory.cpp" />
    <ClCompile Include="core\requests\virtual-memory\pattern-scan\find-pattern\find-pattern.cpp" />
    <ClCompile Include="core\requests\virtual-memory\pattern-scan\pattern-scan.cpp" />
    <ClCompile Include="core\utilities\kernel\thread\thread.cpp" />
    <ClCompile Include="core\utilities\kernel\thread\offsets\offsets.cpp" />
    <ClCompile Include="core\utilities\kernel\nmi-callbacks\nmi-callbacks.cpp" />
    <ClCompile Include="core\requests\read-write\read-memory\virtual-memory\read-virtual-memory.cpp" />
    <ClCompile Include="core\requests\virtual-memory\virtual-query\virtual-query.cpp" />
    <ClCompile Include="core\requests\virtual-memory\free-memory\free-memory.cpp" />
    <ClCompile Include="core\requests\virtual-memory\thread\threads.cpp" />
    <ClCompile Include="core\requests\mouse\mouse.cpp" />
  </ItemGroup>
  <ItemGroup>
    <ClInclude Include="dependencies\includes.hpp" />
    <ClInclude Include="core\utilities\utilities.hpp" />
    <ClInclude Include="core\utilities\kernel\kernel.hpp" />
    <ClInclude Include="dependencies\additional\definitions.hpp" />
    <ClInclude Include="dependencies\additional\crt\crt.hpp" />
    <ClInclude Include="dependencies\additional\structures\structs.hpp" />
    <ClInclude Include="core\requests\image-base\image-base.hpp" />
    <ClInclude Include="core\requests\directory-table-base\dtb.hpp" />
    <ClInclude Include="core\requests\read-write\physical\physical.hpp" />
    <ClInclude Include="core\requests\read-write\read-memory\read-memory.hpp" />
    <ClInclude Include="core\requests\requests.hpp" />
    <ClInclude Include="core\dispatch\dispatch.hpp" />
    <ClInclude Include="dependencies\additional\security\imports\kli_importer.hpp" />
    <ClInclude Include="dependencies\additional\security\strings\enc_strings.hpp" />
    <ClInclude Include="core\requests\virtual-memory\allocate\allocate.hpp" />
    <ClInclude Include="core\requests\virtual-memory\protect\protect.hpp" />
    <ClInclude Include="core\requests\read-write\write-memory\write-memory.hpp" />
    <ClInclude Include="core\requests\read-write\write-memory\virtual-memory\write-virtual-memory.hpp" />
    <ClInclude Include="core\requests\virtual-memory\pattern-scan\find-pattern\find-pattern.hpp" />
    <ClInclude Include="core\requests\virtual-memory\pattern-scan\pattern-scan.hpp" />
    <ClInclude Include="core\utilities\kernel\thread\thread.hpp" />
    <ClInclude Include="core\utilities\kernel\thread\offsets\offsets.hpp" />
    <ClInclude Include="core\utilities\kernel\nmi-callbacks\nmi-callbacks.hpp" />
    <ClInclude Include="core\requests\read-write\read-memory\virtual-memory\read-virtual-memory.hpp" />
    <ClInclude Include="core\requests\virtual-memory\virtual-query\virtual-query.hpp" />
    <ClInclude Include="core\requests\virtual-memory\free-memory\free-memory.hpp" />
    <ClInclude Include="core\requests\virtual-memory\thread\threads.hpp" />
    <ClInclude Include="core\requests\mouse\emulation\mouse.hpp" />
    <ClInclude Include="core\requests\mouse\mouse.hpp" />
  </ItemGroup>
  <ItemGroup>
    <MASM Include="dependencies\additional\structures\assembler\instructions.asm" />
    <MASM Include="core\requests\mouse\emulation\asm\emulation.asm" />
  </ItemGroup>
</Project>